
Microsoft Visual Studio Solution File, Format Version 12.00
# Visual Studio 15
VisualStudioVersion = 15.0.26430.15
MinimumVisualStudioVersion = 10.0.40219.1
Project("{FAE04EC0-301F-11D3-BF4B-00C04F79EFBC}") = "_Part_4", "_Part_4\_Part_4.csproj", "{E225C237-84AA-4CE2-8725-8C46B0B7165C}"
EndProject
Project("{FAE04EC0-301F-11D3-BF4B-00C04F79EFBC}") = "_Part_3", "_Part_3\_Part_3.csproj", "{8DD3509A-A4AC-4F06-9358-69A90CFAA07E}"
EndProject
Project("{FAE04EC0-301F-11D3-BF4B-00C04F79EFBC}") = "EmployeeDataAccess", "EmployeeDataAccess\EmployeeDataAccess.csproj", "{01C596C9-0221-4419-AFFC-BEB0C1BB8EDB}"
EndProject
Project("{FAE04EC0-301F-11D3-BF4B-00C04F79EFBC}") = "_Part_5", "_Part_5\_Part_5.csproj", "{63619FFD-5CAE-4624-856B-592904EE6368}"
EndProject
Project("{FAE04EC0-301F-11D3-BF4B-00C04F79EFBC}") = "_Part_6", "_Part_6\_Part_6.csproj", "{13B3A504-4AEA-4830-8DE8-C38939005DCB}"
EndProject
Project("{FAE04EC0-301F-11D3-BF4B-00C04F79EFBC}") = "_Part_7", "_Part_7\_Part_7.csproj", "{CA3F9640-06F1-496C-BB21-E83C13432B6E}"
EndProject
Project("{FAE04EC0-301F-11D3-BF4B-00C04F79EFBC}") = "_Part_8", "_Part_8\_Part_8.csproj", "{B214B26C-4EFA-44B4-8D7C-0F706314619C}"
EndProject
Project("{FAE04EC0-301F-11D3-BF4B-00C04F79EFBC}") = "_Part_9", "_Part_9\_Part_9.csproj", "{2315A5CB-9074-4567-85DE-5AC392524DB0}"
EndProject
Project("{FAE04EC0-301F-11D3-BF4B-00C04F79EFBC}") = "_Part_10", "_Part_10\_Part_10.csproj", "{7BB17592-0870-403F-9549-B6BA6437D974}"
EndProject
Project("{2150E333-8FDC-42A3-9474-1A3956D46DE8}") = "1", "1", "{FF6FF7B7-EF55-4F71-BFC8-1272528E41AB}"
EndProject
Project("{2150E333-8FDC-42A3-9474-1A3956D46DE8}") = "2", "2", "{F0D25A16-8C2E-4788-ACDE-0841BC339D03}"
EndProject
Project("{FAE04EC0-301F-11D3-BF4B-00C04F79EFBC}") = "_Part_11", "_Part_11\_Part_11.csproj", "{2CD91157-804B-478C-AAB4-6F602AB3497B}"
EndProject
Project("{FAE04EC0-301F-11D3-BF4B-00C04F79EFBC}") = "_Part_12", "_Part_12\_Part_12.csproj", "{2B226692-D0CD-4436-96D9-6F289FF3CB00}"
EndProject
Global
	GlobalSection(SolutionConfigurationPlatforms) = preSolution
		Debug|Any CPU = Debug|Any CPU
		Release|Any CPU = Release|Any CPU
	EndGlobalSection
	GlobalSection(ProjectConfigurationPlatforms) = postSolution
		{E225C237-84AA-4CE2-8725-8C46B0B7165C}.Debug|Any CPU.ActiveCfg = Debug|Any CPU
		{E225C237-84AA-4CE2-8725-8C46B0B7165C}.Debug|Any CPU.Build.0 = Debug|Any CPU
		{E225C237-84AA-4CE2-8725-8C46B0B7165C}.Release|Any CPU.ActiveCfg = Release|Any CPU
		{E225C237-84AA-4CE2-8725-8C46B0B7165C}.Release|Any CPU.Build.0 = Release|Any CPU
		{8DD3509A-A4AC-4F06-9358-69A90CFAA07E}.Debug|Any CPU.ActiveCfg = Debug|Any CPU
		{8DD3509A-A4AC-4F06-9358-69A90CFAA07E}.Debug|Any CPU.Build.0 = Debug|Any CPU
		{8DD3509A-A4AC-4F06-9358-69A90CFAA07E}.Release|Any CPU.ActiveCfg = Release|Any CPU
		{8DD3509A-A4AC-4F06-9358-69A90CFAA07E}.Release|Any CPU.Build.0 = Release|Any CPU
		{01C596C9-0221-4419-AFFC-BEB0C1BB8EDB}.Debug|Any CPU.ActiveCfg = Debug|Any CPU
		{01C596C9-0221-4419-AFFC-BEB0C1BB8EDB}.Debug|Any CPU.Build.0 = Debug|Any CPU
		{01C596C9-0221-4419-AFFC-BEB0C1BB8EDB}.Release|Any CPU.ActiveCfg = Release|Any CPU
		{01C596C9-0221-4419-AFFC-BEB0C1BB8EDB}.Release|Any CPU.Build.0 = Release|Any CPU
		{63619FFD-5CAE-4624-856B-592904EE6368}.Debug|Any CPU.ActiveCfg = Debug|Any CPU
		{63619FFD-5CAE-4624-856B-592904EE6368}.Debug|Any CPU.Build.0 = Debug|Any CPU
		{63619FFD-5CAE-4624-856B-592904EE6368}.Release|Any CPU.ActiveCfg = Release|Any CPU
		{63619FFD-5CAE-4624-856B-592904EE6368}.Release|Any CPU.Build.0 = Release|Any CPU
		{13B3A504-4AEA-4830-8DE8-C38939005DCB}.Debug|Any CPU.ActiveCfg = Debug|Any CPU
		{13B3A504-4AEA-4830-8DE8-C38939005DCB}.Debug|Any CPU.Build.0 = Debug|Any CPU
		{13B3A504-4AEA-4830-8DE8-C38939005DCB}.Release|Any CPU.ActiveCfg = Release|Any CPU
		{13B3A504-4AEA-4830-8DE8-C38939005DCB}.Release|Any CPU.Build.0 = Release|Any CPU
		{CA3F9640-06F1-496C-BB21-E83C13432B6E}.Debug|Any CPU.ActiveCfg = Debug|Any CPU
		{CA3F9640-06F1-496C-BB21-E83C13432B6E}.Debug|Any CPU.Build.0 = Debug|Any CPU
		{CA3F9640-06F1-496C-BB21-E83C13432B6E}.Release|Any CPU.ActiveCfg = Release|Any CPU
		{CA3F9640-06F1-496C-BB21-E83C13432B6E}.Release|Any CPU.Build.0 = Release|Any CPU
		{B214B26C-4EFA-44B4-8D7C-0F706314619C}.Debug|Any CPU.ActiveCfg = Debug|Any CPU
		{B214B26C-4EFA-44B4-8D7C-0F706314619C}.Debug|Any CPU.Build.0 = Debug|Any CPU
		{B214B26C-4EFA-44B4-8D7C-0F706314619C}.Release|Any CPU.ActiveCfg = Release|Any CPU
		{B214B26C-4EFA-44B4-8D7C-0F706314619C}.Release|Any CPU.Build.0 = Release|Any CPU
		{2315A5CB-9074-4567-85DE-5AC392524DB0}.Debug|Any CPU.ActiveCfg = Debug|Any CPU
		{2315A5CB-9074-4567-85DE-5AC392524DB0}.Debug|Any CPU.Build.0 = Debug|Any CPU
		{2315A5CB-9074-4567-85DE-5AC392524DB0}.Release|Any CPU.ActiveCfg = Release|Any CPU
		{2315A5CB-9074-4567-85DE-5AC392524DB0}.Release|Any CPU.Build.0 = Release|Any CPU
		{7BB17592-0870-403F-9549-B6BA6437D974}.Debug|Any CPU.ActiveCfg = Debug|Any CPU
		{7BB17592-0870-403F-9549-B6BA6437D974}.Debug|Any CPU.Build.0 = Debug|Any CPU
		{7BB17592-0870-403F-9549-B6BA6437D974}.Release|Any CPU.ActiveCfg = Release|Any CPU
		{7BB17592-0870-403F-9549-B6BA6437D974}.Release|Any CPU.Build.0 = Release|Any CPU
		{2CD91157-804B-478C-AAB4-6F602AB3497B}.Debug|Any CPU.ActiveCfg = Debug|Any CPU
		{2CD91157-804B-478C-AAB4-6F602AB3497B}.Debug|Any CPU.Build.0 = Debug|Any CPU
		{2CD91157-804B-478C-AAB4-6F602AB3497B}.Release|Any CPU.ActiveCfg = Release|Any CPU
		{2CD91157-804B-478C-AAB4-6F602AB3497B}.Release|Any CPU.Build.0 = Release|Any CPU
		{2B226692-D0CD-4436-96D9-6F289FF3CB00}.Debug|Any CPU.ActiveCfg = Debug|Any CPU
		{2B226692-D0CD-4436-96D9-6F289FF3CB00}.Debug|Any CPU.Build.0 = Debug|Any CPU
		{2B226692-D0CD-4436-96D9-6F289FF3CB00}.Release|Any CPU.ActiveCfg = Release|Any CPU
		{2B226692-D0CD-4436-96D9-6F289FF3CB00}.Release|Any CPU.Build.0 = Release|Any CPU
	EndGlobalSection
	GlobalSection(SolutionProperties) = preSolution
		HideSolutionNode = FALSE
	EndGlobalSection
	GlobalSection(NestedProjects) = preSolution
		{E225C237-84AA-4CE2-8725-8C46B0B7165C} = {FF6FF7B7-EF55-4F71-BFC8-1272528E41AB}
		{8DD3509A-A4AC-4F06-9358-69A90CFAA07E} = {FF6FF7B7-EF55-4F71-BFC8-1272528E41AB}
		{63619FFD-5CAE-4624-856B-592904EE6368} = {FF6FF7B7-EF55-4F71-BFC8-1272528E41AB}
		{13B3A504-4AEA-4830-8DE8-C38939005DCB} = {FF6FF7B7-EF55-4F71-BFC8-1272528E41AB}
		{CA3F9640-06F1-496C-BB21-E83C13432B6E} = {FF6FF7B7-EF55-4F71-BFC8-1272528E41AB}
		{B214B26C-4EFA-44B4-8D7C-0F706314619C} = {FF6FF7B7-EF55-4F71-BFC8-1272528E41AB}
		{2315A5CB-9074-4567-85DE-5AC392524DB0} = {FF6FF7B7-EF55-4F71-BFC8-1272528E41AB}
		{7BB17592-0870-403F-9549-B6BA6437D974} = {F0D25A16-8C2E-4788-ACDE-0841BC339D03}
		{2CD91157-804B-478C-AAB4-6F602AB3497B} = {F0D25A16-8C2E-4788-ACDE-0841BC339D03}
		{2B226692-D0CD-4436-96D9-6F289FF3CB00} = {F0D25A16-8C2E-4788-ACDE-0841BC339D03}
	EndGlobalSection
EndGlobal
